
Microsoft Visual Studio Solution File, Format Version 12.00
# Visual Studio Version 16
VisualStudioVersion = 16.0.31112.23
MinimumVisualStudioVersion = 10.0.40219.1
Project("{FAE04EC0-301F-11D3-BF4B-00C04F79EFBC}") = "PuntoVenta", "PuntoVenta\PuntoVenta.csproj", "{ABC3A7F0-91CB-442A-AB84-7B652057B90A}"
EndProject
Project("{FAE04EC0-301F-11D3-BF4B-00C04F79EFBC}") = "Datos", "Datos\Datos.csproj", "{007D1163-B5D2-4530-AA4E-37DC8B36C9D4}"
EndProject
Project("{FAE04EC0-301F-11D3-BF4B-00C04F79EFBC}") = "Modelos", "Modelos\Modelos.csproj", "{5BAD8886-97F1-4930-9576-939EB8F1656E}"
EndProject
Global
	GlobalSection(SolutionConfigurationPlatforms) = preSolution
		Debug|Any CPU = Debug|Any CPU
		Release|Any CPU = Release|Any CPU
	EndGlobalSection
	GlobalSection(ProjectConfigurationPlatforms) = postSolution
		{ABC3A7F0-91CB-442A-AB84-7B652057B90A}.Debug|Any CPU.ActiveCfg = Debug|Any CPU
		{ABC3A7F0-91CB-442A-AB84-7B652057B90A}.Debug|Any CPU.Build.0 = Debug|Any CPU
		{ABC3A7F0-91CB-442A-AB84-7B652057B90A}.Release|Any CPU.ActiveCfg = Release|Any CPU
		{ABC3A7F0-91CB-442A-AB84-7B652057B90A}.Release|Any CPU.Build.0 = Release|Any CPU
		{007D1163-B5D2-4530-AA4E-37DC8B36C9D4}.Debug|Any CPU.ActiveCfg = Debug|Any CPU
		{007D1163-B5D2-4530-AA4E-37DC8B36C9D4}.Debug|Any CPU.Build.0 = Debug|Any CPU
		{007D1163-B5D2-4530-AA4E-37DC8B36C9D4}.Release|Any CPU.ActiveCfg = Release|Any CPU
		{007D1163-B5D2-4530-AA4E-37DC8B36C9D4}.Release|Any CPU.Build.0 = Release|Any CPU
		{5BAD8886-97F1-4930-9576-939EB8F1656E}.Debug|Any CPU.ActiveCfg = Debug|Any CPU
		{5BAD8886-97F1-4930-9576-939EB8F1656E}.Debug|Any CPU.Build.0 = Debug|Any CPU
		{5BAD8886-97F1-4930-9576-939EB8F1656E}.Release|Any CPU.ActiveCfg = Release|Any CPU
		{5BAD8886-97F1-4930-9576-939EB8F1656E}.Release|Any CPU.Build.0 = Release|Any CPU
	EndGlobalSection
	GlobalSection(SolutionProperties) = preSolution
		HideSolutionNode = FALSE
	EndGlobalSection
	GlobalSection(ExtensibilityGlobals) = postSolution
		SolutionGuid = {C942ED3B-008A-4580-9E26-282A3637BAF6}
	EndGlobalSection
EndGlobal
